// !$*UTF8*$!
{
	archiveVersion = 1;
	classes = {
	};
	objectVersion = 50;
	objects = {

/* Begin PBXBuildFile section */
		620F53B0211EF16900A94A01 /* AppDelegate.swift in Sources */ = {isa = PBXBuildFile; fileRef = 620F53AF211EF16900A94A01 /* AppDelegate.swift */; };
		620F53B2211EF16900A94A01 /* DiaryViewController.swift in Sources */ = {isa = PBXBuildFile; fileRef = 620F53B1211EF16900A94A01 /* DiaryViewController.swift */; };
		620F53B5211EF16900A94A01 /* Main.storyboard in Resources */ = {isa = PBXBuildFile; fileRef = 620F53B3211EF16900A94A01 /* Main.storyboard */; };
		620F53B7211EF16900A94A01 /* Assets.xcassets in Resources */ = {isa = PBXBuildFile; fileRef = 620F53B6211EF16900A94A01 /* Assets.xcassets */; };
		620F53BA211EF16900A94A01 /* LaunchScreen.storyboard in Resources */ = {isa = PBXBuildFile; fileRef = 620F53B8211EF16900A94A01 /* LaunchScreen.storyboard */; };
		620F53C5211EF16A00A94A01 /* OrbitTests.swift in Sources */ = {isa = PBXBuildFile; fileRef = 620F53C4211EF16A00A94A01 /* OrbitTests.swift */; };
		620F53D0211EF16A00A94A01 /* OrbitUITests.swift in Sources */ = {isa = PBXBuildFile; fileRef = 620F53CF211EF16A00A94A01 /* OrbitUITests.swift */; };
		6296D18C21394CD400B610C8 /* Model.swift in Sources */ = {isa = PBXBuildFile; fileRef = 6296D18B21394CD400B610C8 /* Model.swift */; };
		62AE2E13216CFAC9004448F2 /* CalendarView.swift in Sources */ = {isa = PBXBuildFile; fileRef = 62AE2E12216CFAC9004448F2 /* CalendarView.swift */; };
		62AE2E15216E31F0004448F2 /* CalendarCell.swift in Sources */ = {isa = PBXBuildFile; fileRef = 62AE2E14216E31F0004448F2 /* CalendarCell.swift */; };
		62AE2E39217B7774004448F2 /* RealmManager.swift in Sources */ = {isa = PBXBuildFile; fileRef = 62AE2E38217B7774004448F2 /* RealmManager.swift */; };
		62AE2E3B217DA7FF004448F2 /* ConversionDate.swift in Sources */ = {isa = PBXBuildFile; fileRef = 62AE2E3A217DA7FF004448F2 /* ConversionDate.swift */; };
		6A2AFDF1213A68B900F5B38B /* DBModel.swift in Sources */ = {isa = PBXBuildFile; fileRef = 6A2AFDF0213A68B900F5B38B /* DBModel.swift */; };
		6A331FFC2131485600FFE74F /* WriteViewController.swift in Sources */ = {isa = PBXBuildFile; fileRef = 6A331FFB2131485600FFE74F /* WriteViewController.swift */; };
		6A331FFE21314B9100FFE74F /* WriteDoneDelegate.swift in Sources */ = {isa = PBXBuildFile; fileRef = 6A331FFD21314B9100FFE74F /* WriteDoneDelegate.swift */; };
		6A4A04C721313980003A51B5 /* AppTarget.swift in Sources */ = {isa = PBXBuildFile; fileRef = 6A4A04C621313980003A51B5 /* AppTarget.swift */; };
		6A6386EA21452A7A006DE95C /* KoreaWeahterLocationCode.swift in Sources */ = {isa = PBXBuildFile; fileRef = 6A6386E921452A7A006DE95C /* KoreaWeahterLocationCode.swift */; };
		6A6386EC21452FAA006DE95C /* WeatherAPI.swift in Sources */ = {isa = PBXBuildFile; fileRef = 6A6386EB21452FAA006DE95C /* WeatherAPI.swift */; };
		6AFAA89B213A716100D241E2 /* PhotosViewController.swift in Sources */ = {isa = PBXBuildFile; fileRef = 6AFAA89A213A716100D241E2 /* PhotosViewController.swift */; };
		6AFAA89D213A728D00D241E2 /* PhotoCollectionView.swift in Sources */ = {isa = PBXBuildFile; fileRef = 6AFAA89C213A728D00D241E2 /* PhotoCollectionView.swift */; };
		6AFAA89F213A72CD00D241E2 /* PhotoCollectionViewCell.swift in Sources */ = {isa = PBXBuildFile; fileRef = 6AFAA89E213A72CD00D241E2 /* PhotoCollectionViewCell.swift */; };
		A30363786577CE147CA4028E /* Pods_Orbit.framework in Frameworks */ = {isa = PBXBuildFile; fileRef = CB85391CFAE15A2F774AEF66 /* Pods_Orbit.framework */; };
		CADA18B3F13C9E1896B6E0BE /* Pods_OrbitUITests.framework in Frameworks */ = {isa = PBXBuildFile; fileRef = 33AFCA43DE115D59459EAB8B /* Pods_OrbitUITests.framework */; };
		CE388C2A213E42550063DE35 /* OptionsViewController.swift in Sources */ = {isa = PBXBuildFile; fileRef = CE388C29213E42550063DE35 /* OptionsViewController.swift */; };
		CE84E7492137D3350097357F /* ListViewController.swift in Sources */ = {isa = PBXBuildFile; fileRef = CE84E7482137D3350097357F /* ListViewController.swift */; };
		CE9DDA472138E9B0007F0BEA /* ListTableViewCell.swift in Sources */ = {isa = PBXBuildFile; fileRef = CE9DDA462138E9B0007F0BEA /* ListTableViewCell.swift */; };
		E9B9EBF10E148D0D4ED1EE5E /* Pods_OrbitTests.framework in Frameworks */ = {isa = PBXBuildFile; fileRef = 44D744F7CDE1FACBB621B745 /* Pods_OrbitTests.framework */; };
/* End PBXBuildFile section */

/* Begin PBXContainerItemProxy section */
		620F53C1211EF16A00A94A01 /* PBXContainerItemProxy */ = {
			isa = PBXContainerItemProxy;
			containerPortal = 620F53A4211EF16900A94A01 /* Project object */;
			proxyType = 1;
			remoteGlobalIDString = 620F53AB211EF16900A94A01;
			remoteInfo = Orbit;
		};
		620F53CC211EF16A00A94A01 /* PBXContainerItemProxy */ = {
			isa = PBXContainerItemProxy;
			containerPortal = 620F53A4211EF16900A94A01 /* Project object */;
			proxyType = 1;
			remoteGlobalIDString = 620F53AB211EF16900A94A01;
			remoteInfo = Orbit;
		};
/* End PBXContainerItemProxy section */

/* Begin PBXFileReference section */
		278DB13B1E49DE50C43CF8C3 /* Pods-Orbit.dev.xcconfig */ = {isa = PBXFileReference; includeInIndex = 1; lastKnownFileType = text.xcconfig; name = "Pods-Orbit.dev.xcconfig"; path = "Pods/Target Support Files/Pods-Orbit/Pods-Orbit.dev.xcconfig"; sourceTree = "<group>"; };
		33AFCA43DE115D59459EAB8B /* Pods_OrbitUITests.framework */ = {isa = PBXFileReference; explicitFileType = wrapper.framework; includeInIndex = 0; path = Pods_OrbitUITests.framework; sourceTree = BUILT_PRODUCTS_DIR; };
		44D744F7CDE1FACBB621B745 /* Pods_OrbitTests.framework */ = {isa = PBXFileReference; explicitFileType = wrapper.framework; includeInIndex = 0; path = Pods_OrbitTests.framework; sourceTree = BUILT_PRODUCTS_DIR; };
		4F3C0D0C32A7CDA5F16445B0 /* Pods-OrbitUITests.prod.xcconfig */ = {isa = PBXFileReference; includeInIndex = 1; lastKnownFileType = text.xcconfig; name = "Pods-OrbitUITests.prod.xcconfig"; path = "Pods/Target Support Files/Pods-OrbitUITests/Pods-OrbitUITests.prod.xcconfig"; sourceTree = "<group>"; };
		620F53AC211EF16900A94A01 /* OrbitDEV.app */ = {isa = PBXFileReference; explicitFileType = wrapper.application; includeInIndex = 0; path = OrbitDEV.app; sourceTree = BUILT_PRODUCTS_DIR; };
		620F53AF211EF16900A94A01 /* AppDelegate.swift */ = {isa = PBXFileReference; lastKnownFileType = sourcecode.swift; path = AppDelegate.swift; sourceTree = "<group>"; };
		620F53B1211EF16900A94A01 /* DiaryViewController.swift */ = {isa = PBXFileReference; lastKnownFileType = sourcecode.swift; path = DiaryViewController.swift; sourceTree = "<group>"; };
		620F53B4211EF16900A94A01 /* Base */ = {isa = PBXFileReference; lastKnownFileType = file.storyboard; name = Base; path = Base.lproj/Main.storyboard; sourceTree = "<group>"; };
		620F53B6211EF16900A94A01 /* Assets.xcassets */ = {isa = PBXFileReference; lastKnownFileType = folder.assetcatalog; path = Assets.xcassets; sourceTree = "<group>"; };
		620F53B9211EF16900A94A01 /* Base */ = {isa = PBXFileReference; lastKnownFileType = file.storyboard; name = Base; path = Base.lproj/LaunchScreen.storyboard; sourceTree = "<group>"; };
		620F53BB211EF16900A94A01 /* Info.plist */ = {isa = PBXFileReference; lastKnownFileType = text.plist.xml; path = Info.plist; sourceTree = "<group>"; };
		620F53C0211EF16A00A94A01 /* OrbitTests.xctest */ = {isa = PBXFileReference; explicitFileType = wrapper.cfbundle; includeInIndex = 0; path = OrbitTests.xctest; sourceTree = BUILT_PRODUCTS_DIR; };
		620F53C4211EF16A00A94A01 /* OrbitTests.swift */ = {isa = PBXFileReference; lastKnownFileType = sourcecode.swift; path = OrbitTests.swift; sourceTree = "<group>"; };
		620F53C6211EF16A00A94A01 /* Info.plist */ = {isa = PBXFileReference; lastKnownFileType = text.plist.xml; path = Info.plist; sourceTree = "<group>"; };
		620F53CB211EF16A00A94A01 /* OrbitUITests.xctest */ = {isa = PBXFileReference; explicitFileType = wrapper.cfbundle; includeInIndex = 0; path = OrbitUITests.xctest; sourceTree = BUILT_PRODUCTS_DIR; };
		620F53CF211EF16A00A94A01 /* OrbitUITests.swift */ = {isa = PBXFileReference; lastKnownFileType = sourcecode.swift; path = OrbitUITests.swift; sourceTree = "<group>"; };
		620F53D1211EF16A00A94A01 /* Info.plist */ = {isa = PBXFileReference; lastKnownFileType = text.plist.xml; path = Info.plist; sourceTree = "<group>"; };
		6296D18B21394CD400B610C8 /* Model.swift */ = {isa = PBXFileReference; lastKnownFileType = sourcecode.swift; path = Model.swift; sourceTree = "<group>"; };
		62AE2E12216CFAC9004448F2 /* CalendarView.swift */ = {isa = PBXFileReference; lastKnownFileType = sourcecode.swift; path = CalendarView.swift; sourceTree = "<group>"; };
		62AE2E14216E31F0004448F2 /* CalendarCell.swift */ = {isa = PBXFileReference; lastKnownFileType = sourcecode.swift; path = CalendarCell.swift; sourceTree = "<group>"; };
		62AE2E38217B7774004448F2 /* RealmManager.swift */ = {isa = PBXFileReference; lastKnownFileType = sourcecode.swift; path = RealmManager.swift; sourceTree = "<group>"; };
		62AE2E3A217DA7FF004448F2 /* ConversionDate.swift */ = {isa = PBXFileReference; lastKnownFileType = sourcecode.swift; path = ConversionDate.swift; sourceTree = "<group>"; };
		688EAB7E305E75A5D496F632 /* Pods-OrbitTests.prod.xcconfig */ = {isa = PBXFileReference; includeInIndex = 1; lastKnownFileType = text.xcconfig; name = "Pods-OrbitTests.prod.xcconfig"; path = "Pods/Target Support Files/Pods-OrbitTests/Pods-OrbitTests.prod.xcconfig"; sourceTree = "<group>"; };
		6A2AFDF0213A68B900F5B38B /* DBModel.swift */ = {isa = PBXFileReference; lastKnownFileType = sourcecode.swift; path = DBModel.swift; sourceTree = "<group>"; };
		6A331FFB2131485600FFE74F /* WriteViewController.swift */ = {isa = PBXFileReference; lastKnownFileType = sourcecode.swift; path = WriteViewController.swift; sourceTree = "<group>"; };
		6A331FFD21314B9100FFE74F /* WriteDoneDelegate.swift */ = {isa = PBXFileReference; lastKnownFileType = sourcecode.swift; path = WriteDoneDelegate.swift; sourceTree = "<group>"; };
		6A4A04C621313980003A51B5 /* AppTarget.swift */ = {isa = PBXFileReference; lastKnownFileType = sourcecode.swift; path = AppTarget.swift; sourceTree = "<group>"; };
		6A6386E921452A7A006DE95C /* KoreaWeahterLocationCode.swift */ = {isa = PBXFileReference; lastKnownFileType = sourcecode.swift; path = KoreaWeahterLocationCode.swift; sourceTree = "<group>"; };
		6A6386EB21452FAA006DE95C /* WeatherAPI.swift */ = {isa = PBXFileReference; lastKnownFileType = sourcecode.swift; path = WeatherAPI.swift; sourceTree = "<group>"; };
		6AFAA89A213A716100D241E2 /* PhotosViewController.swift */ = {isa = PBXFileReference; lastKnownFileType = sourcecode.swift; path = PhotosViewController.swift; sourceTree = "<group>"; };
		6AFAA89C213A728D00D241E2 /* PhotoCollectionView.swift */ = {isa = PBXFileReference; lastKnownFileType = sourcecode.swift; path = PhotoCollectionView.swift; sourceTree = "<group>"; };
		6AFAA89E213A72CD00D241E2 /* PhotoCollectionViewCell.swift */ = {isa = PBXFileReference; lastKnownFileType = sourcecode.swift; path = PhotoCollectionViewCell.swift; sourceTree = "<group>"; };
		CB85391CFAE15A2F774AEF66 /* Pods_Orbit.framework */ = {isa = PBXFileReference; explicitFileType = wrapper.framework; includeInIndex = 0; path = Pods_Orbit.framework; sourceTree = BUILT_PRODUCTS_DIR; };
		CE388C29213E42550063DE35 /* OptionsViewController.swift */ = {isa = PBXFileReference; lastKnownFileType = sourcecode.swift; path = OptionsViewController.swift; sourceTree = "<group>"; };
		CE84E7482137D3350097357F /* ListViewController.swift */ = {isa = PBXFileReference; lastKnownFileType = sourcecode.swift; path = ListViewController.swift; sourceTree = "<group>"; };
		CE9DDA462138E9B0007F0BEA /* ListTableViewCell.swift */ = {isa = PBXFileReference; lastKnownFileType = sourcecode.swift; path = ListTableViewCell.swift; sourceTree = "<group>"; };
		DD9A080CFCF0F16A7A10ED7D /* Pods-Orbit.prod.xcconfig */ = {isa = PBXFileReference; includeInIndex = 1; lastKnownFileType = text.xcconfig; name = "Pods-Orbit.prod.xcconfig"; path = "Pods/Target Support Files/Pods-Orbit/Pods-Orbit.prod.xcconfig"; sourceTree = "<group>"; };
		E8FD022B325BCF794A6C54DC /* Pods-OrbitUITests.dev.xcconfig */ = {isa = PBXFileReference; includeInIndex = 1; lastKnownFileType = text.xcconfig; name = "Pods-OrbitUITests.dev.xcconfig"; path = "Pods/Target Support Files/Pods-OrbitUITests/Pods-OrbitUITests.dev.xcconfig"; sourceTree = "<group>"; };
		FC1B1E1206B0676A561AB518 /* Pods-OrbitTests.dev.xcconfig */ = {isa = PBXFileReference; includeInIndex = 1; lastKnownFileType = text.xcconfig; name = "Pods-OrbitTests.dev.xcconfig"; path = "Pods/Target Support Files/Pods-OrbitTests/Pods-OrbitTests.dev.xcconfig"; sourceTree = "<group>"; };
/* End PBXFileReference section */

/* Begin PBXFrameworksBuildPhase section */
		620F53A9211EF16900A94A01 /* Frameworks */ = {
			isa = PBXFrameworksBuildPhase;
			buildActionMask = 2147483647;
			files = (
				A30363786577CE147CA4028E /* Pods_Orbit.framework in Frameworks */,
			);
			runOnlyForDeploymentPostprocessing = 0;
		};
		620F53BD211EF16A00A94A01 /* Frameworks */ = {
			isa = PBXFrameworksBuildPhase;
			buildActionMask = 2147483647;
			files = (
				E9B9EBF10E148D0D4ED1EE5E /* Pods_OrbitTests.framework in Frameworks */,
			);
			runOnlyForDeploymentPostprocessing = 0;
		};
		620F53C8211EF16A00A94A01 /* Frameworks */ = {
			isa = PBXFrameworksBuildPhase;
			buildActionMask = 2147483647;
			files = (
				CADA18B3F13C9E1896B6E0BE /* Pods_OrbitUITests.framework in Frameworks */,
			);
			runOnlyForDeploymentPostprocessing = 0;
		};
/* End PBXFrameworksBuildPhase section */

/* Begin PBXGroup section */
		3667E6C8A7A9D1B80AAD0B54 /* Frameworks */ = {
			isa = PBXGroup;
			children = (
				CB85391CFAE15A2F774AEF66 /* Pods_Orbit.framework */,
				44D744F7CDE1FACBB621B745 /* Pods_OrbitTests.framework */,
				33AFCA43DE115D59459EAB8B /* Pods_OrbitUITests.framework */,
			);
			name = Frameworks;
			sourceTree = "<group>";
		};
		620F53A3211EF16900A94A01 = {
			isa = PBXGroup;
			children = (
				620F53AE211EF16900A94A01 /* Orbit */,
				620F53C3211EF16A00A94A01 /* OrbitTests */,
				620F53CE211EF16A00A94A01 /* OrbitUITests */,
				620F53AD211EF16900A94A01 /* Products */,
				80E4550AD1C705F40FA9380F /* Pods */,
				3667E6C8A7A9D1B80AAD0B54 /* Frameworks */,
			);
			sourceTree = "<group>";
		};
		620F53AD211EF16900A94A01 /* Products */ = {
			isa = PBXGroup;
			children = (
				620F53AC211EF16900A94A01 /* OrbitDEV.app */,
				620F53C0211EF16A00A94A01 /* OrbitTests.xctest */,
				620F53CB211EF16A00A94A01 /* OrbitUITests.xctest */,
			);
			name = Products;
			sourceTree = "<group>";
		};
		620F53AE211EF16900A94A01 /* Orbit */ = {
			isa = PBXGroup;
			children = (
				6296D18A21394CCA00B610C8 /* Model */,
				620F53AF211EF16900A94A01 /* AppDelegate.swift */,
				620F53B1211EF16900A94A01 /* DiaryViewController.swift */,
				6A331FFB2131485600FFE74F /* WriteViewController.swift */,
				CE84E7482137D3350097357F /* ListViewController.swift */,
				CE9DDA462138E9B0007F0BEA /* ListTableViewCell.swift */,
				62AE2E12216CFAC9004448F2 /* CalendarView.swift */,
				62AE2E14216E31F0004448F2 /* CalendarCell.swift */,
				6AFAA89A213A716100D241E2 /* PhotosViewController.swift */,
				6AFAA89C213A728D00D241E2 /* PhotoCollectionView.swift */,
				6AFAA89E213A72CD00D241E2 /* PhotoCollectionViewCell.swift */,
				CE388C29213E42550063DE35 /* OptionsViewController.swift */,
				6296D190213D030500B610C8 /* Delegate */,
				6A332001213159DE00FFE74F /* Util */,
				6292BA6121807D55005AE13E /* StoryBoard */,
				620F53B6211EF16900A94A01 /* Assets.xcassets */,
				620F53B8211EF16900A94A01 /* LaunchScreen.storyboard */,
				620F53BB211EF16900A94A01 /* Info.plist */,
			);
			path = Orbit;
			sourceTree = "<group>";
		};
		620F53C3211EF16A00A94A01 /* OrbitTests */ = {
			isa = PBXGroup;
			children = (
				620F53C4211EF16A00A94A01 /* OrbitTests.swift */,
				620F53C6211EF16A00A94A01 /* Info.plist */,
			);
			path = OrbitTests;
			sourceTree = "<group>";
		};
		620F53CE211EF16A00A94A01 /* OrbitUITests */ = {
			isa = PBXGroup;
			children = (
				620F53CF211EF16A00A94A01 /* OrbitUITests.swift */,
				620F53D1211EF16A00A94A01 /* Info.plist */,
			);
			path = OrbitUITests;
			sourceTree = "<group>";
		};
		6292BA6121807D55005AE13E /* StoryBoard */ = {
			isa = PBXGroup;
			children = (
				620F53B3211EF16900A94A01 /* Main.storyboard */,
			);
			path = StoryBoard;
			sourceTree = "<group>";
		};
		6296D18A21394CCA00B610C8 /* Model */ = {
			isa = PBXGroup;
			children = (
				6A2AFDF0213A68B900F5B38B /* DBModel.swift */,
				6296D18B21394CD400B610C8 /* Model.swift */,
				6A6386E921452A7A006DE95C /* KoreaWeahterLocationCode.swift */,
				62AE2E38217B7774004448F2 /* RealmManager.swift */,
			);
			name = Model;
			sourceTree = "<group>";
		};
		6296D190213D030500B610C8 /* Delegate */ = {
			isa = PBXGroup;
			children = (
				6A331FFD21314B9100FFE74F /* WriteDoneDelegate.swift */,
			);
			path = Delegate;
			sourceTree = "<group>";
		};
		6A332001213159DE00FFE74F /* Util */ = {
			isa = PBXGroup;
			children = (
				6A6386EB21452FAA006DE95C /* WeatherAPI.swift */,
				6A4A04C621313980003A51B5 /* AppTarget.swift */,
				62AE2E3A217DA7FF004448F2 /* ConversionDate.swift */,
			);
			path = Util;
			sourceTree = "<group>";
		};
		80E4550AD1C705F40FA9380F /* Pods */ = {
			isa = PBXGroup;
			children = (
				278DB13B1E49DE50C43CF8C3 /* Pods-Orbit.dev.xcconfig */,
				DD9A080CFCF0F16A7A10ED7D /* Pods-Orbit.prod.xcconfig */,
				FC1B1E1206B0676A561AB518 /* Pods-OrbitTests.dev.xcconfig */,
				688EAB7E305E75A5D496F632 /* Pods-OrbitTests.prod.xcconfig */,
				E8FD022B325BCF794A6C54DC /* Pods-OrbitUITests.dev.xcconfig */,
				4F3C0D0C32A7CDA5F16445B0 /* Pods-OrbitUITests.prod.xcconfig */,
			);
			name = Pods;
			sourceTree = "<group>";
		};
/* End PBXGroup section */

/* Begin PBXNativeTarget section */
		620F53AB211EF16900A94A01 /* Orbit */ = {
			isa = PBXNativeTarget;
			buildConfigurationList = 620F53D4211EF16A00A94A01 /* Build configuration list for PBXNativeTarget "Orbit" */;
			buildPhases = (
				3C61EAEB31D48ABB2221B985 /* [CP] Check Pods Manifest.lock */,
				620F53A8211EF16900A94A01 /* Sources */,
				620F53A9211EF16900A94A01 /* Frameworks */,
				620F53AA211EF16900A94A01 /* Resources */,
				65EAAD5D8F770AE447A8FAB6 /* [CP] Embed Pods Frameworks */,
			);
			buildRules = (
			);
			dependencies = (
			);
			name = Orbit;
			productName = Orbit;
			productReference = 620F53AC211EF16900A94A01 /* OrbitDEV.app */;
			productType = "com.apple.product-type.application";
		};
		620F53BF211EF16A00A94A01 /* OrbitTests */ = {
			isa = PBXNativeTarget;
			buildConfigurationList = 620F53D7211EF16A00A94A01 /* Build configuration list for PBXNativeTarget "OrbitTests" */;
			buildPhases = (
				688426A9E6CA25B9176300AE /* [CP] Check Pods Manifest.lock */,
				620F53BC211EF16A00A94A01 /* Sources */,
				620F53BD211EF16A00A94A01 /* Frameworks */,
				620F53BE211EF16A00A94A01 /* Resources */,
			);
			buildRules = (
			);
			dependencies = (
				620F53C2211EF16A00A94A01 /* PBXTargetDependency */,
			);
			name = OrbitTests;
			productName = OrbitTests;
			productReference = 620F53C0211EF16A00A94A01 /* OrbitTests.xctest */;
			productType = "com.apple.product-type.bundle.unit-test";
		};
		620F53CA211EF16A00A94A01 /* OrbitUITests */ = {
			isa = PBXNativeTarget;
			buildConfigurationList = 620F53DA211EF16A00A94A01 /* Build configuration list for PBXNativeTarget "OrbitUITests" */;
			buildPhases = (
				453B26617A3ADED77652B67F /* [CP] Check Pods Manifest.lock */,
				620F53C7211EF16A00A94A01 /* Sources */,
				620F53C8211EF16A00A94A01 /* Frameworks */,
				620F53C9211EF16A00A94A01 /* Resources */,
			);
			buildRules = (
			);
			dependencies = (
				620F53CD211EF16A00A94A01 /* PBXTargetDependency */,
			);
			name = OrbitUITests;
			productName = OrbitUITests;
			productReference = 620F53CB211EF16A00A94A01 /* OrbitUITests.xctest */;
			productType = "com.apple.product-type.bundle.ui-testing";
		};
/* End PBXNativeTarget section */

/* Begin PBXProject section */
		620F53A4211EF16900A94A01 /* Project object */ = {
			isa = PBXProject;
			attributes = {
				LastSwiftUpdateCheck = 0940;
				LastUpgradeCheck = 0940;
				ORGANIZATIONNAME = orbit;
				TargetAttributes = {
					620F53AB211EF16900A94A01 = {
						CreatedOnToolsVersion = 9.4.1;
					};
					620F53BF211EF16A00A94A01 = {
						CreatedOnToolsVersion = 9.4.1;
						TestTargetID = 620F53AB211EF16900A94A01;
					};
					620F53CA211EF16A00A94A01 = {
						CreatedOnToolsVersion = 9.4.1;
						TestTargetID = 620F53AB211EF16900A94A01;
					};
				};
			};
			buildConfigurationList = 620F53A7211EF16900A94A01 /* Build configuration list for PBXProject "Orbit" */;
			compatibilityVersion = "Xcode 9.3";
			developmentRegion = en;
			hasScannedForEncodings = 0;
			knownRegions = (
				en,
				Base,
			);
			mainGroup = 620F53A3211EF16900A94A01;
			productRefGroup = 620F53AD211EF16900A94A01 /* Products */;
			projectDirPath = "";
			projectRoot = "";
			targets = (
				620F53AB211EF16900A94A01 /* Orbit */,
				620F53BF211EF16A00A94A01 /* OrbitTests */,
				620F53CA211EF16A00A94A01 /* OrbitUITests */,
			);
		};
/* End PBXProject section */

/* Begin PBXResourcesBuildPhase section */
		620F53AA211EF16900A94A01 /* Resources */ = {
			isa = PBXResourcesBuildPhase;
			buildActionMask = 2147483647;
			files = (
				620F53BA211EF16900A94A01 /* LaunchScreen.storyboard in Resources */,
				620F53B7211EF16900A94A01 /* Assets.xcassets in Resources */,
				620F53B5211EF16900A94A01 /* Main.storyboard in Resources */,
			);
			runOnlyForDeploymentPostprocessing = 0;
		};
		620F53BE211EF16A00A94A01 /* Resources */ = {
			isa = PBXResourcesBuildPhase;
			buildActionMask = 2147483647;
			files = (
			);
			runOnlyForDeploymentPostprocessing = 0;
		};
		620F53C9211EF16A00A94A01 /* Resources */ = {
			isa = PBXResourcesBuildPhase;
			buildActionMask = 2147483647;
			files = (
			);
			runOnlyForDeploymentPostprocessing = 0;
		};
/* End PBXResourcesBuildPhase section */

/* Begin PBXShellScriptBuildPhase section */
		3C61EAEB31D48ABB2221B985 /* [CP] Check Pods Manifest.lock */ = {
			isa = PBXShellScriptBuildPhase;
			buildActionMask = 2147483647;
			files = (
			);
			inputPaths = (
				"${PODS_PODFILE_DIR_PATH}/Podfile.lock",
				"${PODS_ROOT}/Manifest.lock",
			);
			name = "[CP] Check Pods Manifest.lock";
			outputPaths = (
				"$(DERIVED_FILE_DIR)/Pods-Orbit-checkManifestLockResult.txt",
			);
			runOnlyForDeploymentPostprocessing = 0;
			shellPath = /bin/sh;
			shellScript = "diff \"${PODS_PODFILE_DIR_PATH}/Podfile.lock\" \"${PODS_ROOT}/Manifest.lock\" > /dev/null\nif [ $? != 0 ] ; then\n    # print error to STDERR\n    echo \"error: The sandbox is not in sync with the Podfile.lock. Run 'pod install' or update your CocoaPods installation.\" >&2\n    exit 1\nfi\n# This output is used by Xcode 'outputs' to avoid re-running this script phase.\necho \"SUCCESS\" > \"${SCRIPT_OUTPUT_FILE_0}\"\n";
			showEnvVarsInLog = 0;
		};
		453B26617A3ADED77652B67F /* [CP] Check Pods Manifest.lock */ = {
			isa = PBXShellScriptBuildPhase;
			buildActionMask = 2147483647;
			files = (
			);
			inputPaths = (
				"${PODS_PODFILE_DIR_PATH}/Podfile.lock",
				"${PODS_ROOT}/Manifest.lock",
			);
			name = "[CP] Check Pods Manifest.lock";
			outputPaths = (
				"$(DERIVED_FILE_DIR)/Pods-OrbitUITests-checkManifestLockResult.txt",
			);
			runOnlyForDeploymentPostprocessing = 0;
			shellPath = /bin/sh;
			shellScript = "diff \"${PODS_PODFILE_DIR_PATH}/Podfile.lock\" \"${PODS_ROOT}/Manifest.lock\" > /dev/null\nif [ $? != 0 ] ; then\n    # print error to STDERR\n    echo \"error: The sandbox is not in sync with the Podfile.lock. Run 'pod install' or update your CocoaPods installation.\" >&2\n    exit 1\nfi\n# This output is used by Xcode 'outputs' to avoid re-running this script phase.\necho \"SUCCESS\" > \"${SCRIPT_OUTPUT_FILE_0}\"\n";
			showEnvVarsInLog = 0;
		};
		65EAAD5D8F770AE447A8FAB6 /* [CP] Embed Pods Frameworks */ = {
			isa = PBXShellScriptBuildPhase;
			buildActionMask = 2147483647;
			files = (
			);
			inputPaths = (
				"${SRCROOT}/Pods/Target Support Files/Pods-Orbit/Pods-Orbit-frameworks.sh",
				"${BUILT_PRODUCTS_DIR}/GoogleUtilities/GoogleUtilities.framework",
				"${BUILT_PRODUCTS_DIR}/JTAppleCalendar/JTAppleCalendar.framework",
				"${BUILT_PRODUCTS_DIR}/Realm/Realm.framework",
				"${BUILT_PRODUCTS_DIR}/RealmSwift/RealmSwift.framework",
				"${BUILT_PRODUCTS_DIR}/SwiftyBeaver/SwiftyBeaver.framework",
				"${BUILT_PRODUCTS_DIR}/nanopb/nanopb.framework",
			);
			name = "[CP] Embed Pods Frameworks";
			outputPaths = (
				"${TARGET_BUILD_DIR}/${FRAMEWORKS_FOLDER_PATH}/GoogleUtilities.framework",
				"${TARGET_BUILD_DIR}/${FRAMEWORKS_FOLDER_PATH}/JTAppleCalendar.framework",
				"${TARGET_BUILD_DIR}/${FRAMEWORKS_FOLDER_PATH}/Realm.framework",
				"${TARGET_BUILD_DIR}/${FRAMEWORKS_FOLDER_PATH}/RealmSwift.framework",
				"${TARGET_BUILD_DIR}/${FRAMEWORKS_FOLDER_PATH}/SwiftyBeaver.framework",
				"${TARGET_BUILD_DIR}/${FRAMEWORKS_FOLDER_PATH}/nanopb.framework",
			);
			runOnlyForDeploymentPostprocessing = 0;
			shellPath = /bin/sh;
			shellScript = "\"${SRCROOT}/Pods/Target Support Files/Pods-Orbit/Pods-Orbit-frameworks.sh\"\n";
			showEnvVarsInLog = 0;
		};
		688426A9E6CA25B9176300AE /* [CP] Check Pods Manifest.lock */ = {
			isa = PBXShellScriptBuildPhase;
			buildActionMask = 2147483647;
			files = (
			);
			inputPaths = (
				"${PODS_PODFILE_DIR_PATH}/Podfile.lock",
				"${PODS_ROOT}/Manifest.lock",
			);
			name = "[CP] Check Pods Manifest.lock";
			outputPaths = (
				"$(DERIVED_FILE_DIR)/Pods-OrbitTests-checkManifestLockResult.txt",
			);
			runOnlyForDeploymentPostprocessing = 0;
			shellPath = /bin/sh;
			shellScript = "diff \"${PODS_PODFILE_DIR_PATH}/Podfile.lock\" \"${PODS_ROOT}/Manifest.lock\" > /dev/null\nif [ $? != 0 ] ; then\n    # print error to STDERR\n    echo \"error: The sandbox is not in sync with the Podfile.lock. Run 'pod install' or update your CocoaPods installation.\" >&2\n    exit 1\nfi\n# This output is used by Xcode 'outputs' to avoid re-running this script phase.\necho \"SUCCESS\" > \"${SCRIPT_OUTPUT_FILE_0}\"\n";
			showEnvVarsInLog = 0;
		};
/* End PBXShellScriptBuildPhase section */

/* Begin PBXSourcesBuildPhase section */
		620F53A8211EF16900A94A01 /* Sources */ = {
			isa = PBXSourcesBuildPhase;
			buildActionMask = 2147483647;
			files = (
				6AFAA89D213A728D00D241E2 /* PhotoCollectionView.swift in Sources */,
				62AE2E15216E31F0004448F2 /* CalendarCell.swift in Sources */,
				6AFAA89F213A72CD00D241E2 /* PhotoCollectionViewCell.swift in Sources */,
				62AE2E3B217DA7FF004448F2 /* ConversionDate.swift in Sources */,
				62AE2E13216CFAC9004448F2 /* CalendarView.swift in Sources */,
				6296D18C21394CD400B610C8 /* Model.swift in Sources */,
				6A6386EA21452A7A006DE95C /* KoreaWeahterLocationCode.swift in Sources */,
				CE388C2A213E42550063DE35 /* OptionsViewController.swift in Sources */,
				6AFAA89B213A716100D241E2 /* PhotosViewController.swift in Sources */,
				6A4A04C721313980003A51B5 /* AppTarget.swift in Sources */,
				CE9DDA472138E9B0007F0BEA /* ListTableViewCell.swift in Sources */,
				620F53B2211EF16900A94A01 /* DiaryViewController.swift in Sources */,
				62AE2E39217B7774004448F2 /* RealmManager.swift in Sources */,
				6A331FFC2131485600FFE74F /* WriteViewController.swift in Sources */,
				6A2AFDF1213A68B900F5B38B /* DBModel.swift in Sources */,
				620F53B0211EF16900A94A01 /* AppDelegate.swift in Sources */,
				6A6386EC21452FAA006DE95C /* WeatherAPI.swift in Sources */,
				6A331FFE21314B9100FFE74F /* WriteDoneDelegate.swift in Sources */,
				CE84E7492137D3350097357F /* ListViewController.swift in Sources */,
			);
			runOnlyForDeploymentPostprocessing = 0;
		};
		620F53BC211EF16A00A94A01 /* Sources */ = {
			isa = PBXSourcesBuildPhase;
			buildActionMask = 2147483647;
			files = (
				620F53C5211EF16A00A94A01 /* OrbitTests.swift in Sources */,
			);
			runOnlyForDeploymentPostprocessing = 0;
		};
		620F53C7211EF16A00A94A01 /* Sources */ = {
			isa = PBXSourcesBuildPhase;
			buildActionMask = 2147483647;
			files = (
				620F53D0211EF16A00A94A01 /* OrbitUITests.swift in Sources */,
			);
			runOnlyForDeploymentPostprocessing = 0;
		};
/* End PBXSourcesBuildPhase section */

/* Begin PBXTargetDependency section */
		620F53C2211EF16A00A94A01 /* PBXTargetDependency */ = {
			isa = PBXTargetDependency;
			target = 620F53AB211EF16900A94A01 /* Orbit */;
			targetProxy = 620F53C1211EF16A00A94A01 /* PBXContainerItemProxy */;
		};
		620F53CD211EF16A00A94A01 /* PBXTargetDependency */ = {
			isa = PBXTargetDependency;
			target = 620F53AB211EF16900A94A01 /* Orbit */;
			targetProxy = 620F53CC211EF16A00A94A01 /* PBXContainerItemProxy */;
		};
/* End PBXTargetDependency section */

/* Begin PBXVariantGroup section */
		620F53B3211EF16900A94A01 /* Main.storyboard */ = {
			isa = PBXVariantGroup;
			children = (
				620F53B4211EF16900A94A01 /* Base */,
			);
			name = Main.storyboard;
			sourceTree = "<group>";
		};
		620F53B8211EF16900A94A01 /* LaunchScreen.storyboard */ = {
			isa = PBXVariantGroup;
			children = (
				620F53B9211EF16900A94A01 /* Base */,
			);
			name = LaunchScreen.storyboard;
			sourceTree = "<group>";
		};
/* End PBXVariantGroup section */

/* Begin XCBuildConfiguration section */
		620F53DD211EF28200A94A01 /* Dev */ = {
			isa = XCBuildConfiguration;
			buildSettings = {
				ALWAYS_SEARCH_USER_PATHS = NO;
				CLANG_ANALYZER_NONNULL = YES;
				CLANG_ANALYZER_NUMBER_OBJECT_CONVERSION = YES_AGGRESSIVE;
				CLANG_CXX_LANGUAGE_STANDARD = "gnu++14";
				CLANG_CXX_LIBRARY = "libc++";
				CLANG_ENABLE_MODULES = YES;
				CLANG_ENABLE_OBJC_ARC = YES;
				CLANG_ENABLE_OBJC_WEAK = YES;
				CLANG_WARN_BLOCK_CAPTURE_AUTORELEASING = YES;
				CLANG_WARN_BOOL_CONVERSION = YES;
				CLANG_WARN_COMMA = YES;
				CLANG_WARN_CONSTANT_CONVERSION = YES;
				CLANG_WARN_DEPRECATED_OBJC_IMPLEMENTATIONS = YES;
				CLANG_WARN_DIRECT_OBJC_ISA_USAGE = YES_ERROR;
				CLANG_WARN_DOCUMENTATION_COMMENTS = YES;
				CLANG_WARN_EMPTY_BODY = YES;
				CLANG_WARN_ENUM_CONVERSION = YES;
				CLANG_WARN_INFINITE_RECURSION = YES;
				CLANG_WARN_INT_CONVERSION = YES;
				CLANG_WARN_NON_LITERAL_NULL_CONVERSION = YES;
				CLANG_WARN_OBJC_IMPLICIT_RETAIN_SELF = YES;
				CLANG_WARN_OBJC_LITERAL_CONVERSION = YES;
				CLANG_WARN_OBJC_ROOT_CLASS = YES_ERROR;
				CLANG_WARN_RANGE_LOOP_ANALYSIS = YES;
				CLANG_WARN_STRICT_PROTOTYPES = YES;
				CLANG_WARN_SUSPICIOUS_MOVE = YES;
				CLANG_WARN_UNGUARDED_AVAILABILITY = YES_AGGRESSIVE;
				CLANG_WARN_UNREACHABLE_CODE = YES;
				CLANG_WARN__DUPLICATE_METHOD_MATCH = YES;
				CODE_SIGN_IDENTITY = "iPhone Developer";
				COPY_PHASE_STRIP = NO;
				DEBUG_INFORMATION_FORMAT = dwarf;
				ENABLE_STRICT_OBJC_MSGSEND = YES;
				ENABLE_TESTABILITY = YES;
				GCC_C_LANGUAGE_STANDARD = gnu11;
				GCC_DYNAMIC_NO_PIC = NO;
				GCC_NO_COMMON_BLOCKS = YES;
				GCC_OPTIMIZATION_LEVEL = 0;
				GCC_PREPROCESSOR_DEFINITIONS = (
					"DEBUG=1",
					"$(inherited)",
				);
				GCC_WARN_64_TO_32_BIT_CONVERSION = YES;
				GCC_WARN_ABOUT_RETURN_TYPE = YES_ERROR;
				GCC_WARN_UNDECLARED_SELECTOR = YES;
				GCC_WARN_UNINITIALIZED_AUTOS = YES_AGGRESSIVE;
				GCC_WARN_UNUSED_FUNCTION = YES;
				GCC_WARN_UNUSED_VARIABLE = YES;
				IPHONEOS_DEPLOYMENT_TARGET = 11.4;
				MTL_ENABLE_DEBUG_INFO = YES;
				ONLY_ACTIVE_ARCH = YES;
				SDKROOT = iphoneos;
				SWIFT_ACTIVE_COMPILATION_CONDITIONS = DEBUG;
				SWIFT_OPTIMIZATION_LEVEL = "-Onone";
			};
			name = Dev;
		};
		620F53DE211EF28200A94A01 /* Dev */ = {
			isa = XCBuildConfiguration;
			baseConfigurationReference = 278DB13B1E49DE50C43CF8C3 /* Pods-Orbit.dev.xcconfig */;
			buildSettings = {
				APP_ICON_NAME = AppIcon;
				ASSETCATALOG_COMPILER_APPICON_NAME = AppIcon_dev;
				CODE_SIGN_STYLE = Automatic;
				DEVELOPMENT_TEAM = X46PH8MSE8;
				Deployment = dev;
				INFOPLIST_FILE = Orbit/Info.plist;
				IPHONEOS_DEPLOYMENT_TARGET = 11.0;
				LD_RUNPATH_SEARCH_PATHS = (
					"$(inherited)",
					"@executable_path/Frameworks",
				);
				PRODUCT_BUNDLE_IDENTIFIER = io.orbit.orbit.dev;
				PRODUCT_NAME = "$(TARGET_NAME)DEV";
				SWIFT_VERSION = 4.0;
				TARGETED_DEVICE_FAMILY = 1;
			};
			name = Dev;
		};
		620F53DF211EF28200A94A01 /* Dev */ = {
			isa = XCBuildConfiguration;
			baseConfigurationReference = FC1B1E1206B0676A561AB518 /* Pods-OrbitTests.dev.xcconfig */;
			buildSettings = {
				ALWAYS_EMBED_SWIFT_STANDARD_LIBRARIES = YES;
				BUNDLE_LOADER = "$(TEST_HOST)";
				CODE_SIGN_STYLE = Automatic;
				DEVELOPMENT_TEAM = X46PH8MSE8;
				INFOPLIST_FILE = OrbitTests/Info.plist;
				LD_RUNPATH_SEARCH_PATHS = (
					"$(inherited)",
					"@executable_path/Frameworks",
					"@loader_path/Frameworks",
				);
				PRODUCT_BUNDLE_IDENTIFIER = io.orbit.orbit.OrbitTests;
				PRODUCT_NAME = "$(TARGET_NAME)";
				SWIFT_VERSION = 4.0;
				TARGETED_DEVICE_FAMILY = "1,2";
				TEST_HOST = "$(BUILT_PRODUCTS_DIR)/Orbit.app/Orbit";
			};
			name = Dev;
		};
		620F53E0211EF28200A94A01 /* Dev */ = {
			isa = XCBuildConfiguration;
			baseConfigurationReference = E8FD022B325BCF794A6C54DC /* Pods-OrbitUITests.dev.xcconfig */;
			buildSettings = {
				ALWAYS_EMBED_SWIFT_STANDARD_LIBRARIES = YES;
				CODE_SIGN_STYLE = Automatic;
				DEVELOPMENT_TEAM = X46PH8MSE8;
				INFOPLIST_FILE = OrbitUITests/Info.plist;
				LD_RUNPATH_SEARCH_PATHS = (
					"$(inherited)",
					"@executable_path/Frameworks",
					"@loader_path/Frameworks",
				);
				PRODUCT_BUNDLE_IDENTIFIER = io.orbit.orbit.OrbitUITests;
				PRODUCT_NAME = "$(TARGET_NAME)";
				SWIFT_VERSION = 4.0;
				TARGETED_DEVICE_FAMILY = "1,2";
				TEST_TARGET_NAME = Orbit;
			};
			name = Dev;
		};
		620F53E1211EF28A00A94A01 /* Prod */ = {
			isa = XCBuildConfiguration;
			buildSettings = {
				ALWAYS_SEARCH_USER_PATHS = NO;
				CLANG_ANALYZER_NONNULL = YES;
				CLANG_ANALYZER_NUMBER_OBJECT_CONVERSION = YES_AGGRESSIVE;
				CLANG_CXX_LANGUAGE_STANDARD = "gnu++14";
				CLANG_CXX_LIBRARY = "libc++";
				CLANG_ENABLE_MODULES = YES;
				CLANG_ENABLE_OBJC_ARC = YES;
				CLANG_ENABLE_OBJC_WEAK = YES;
				CLANG_WARN_BLOCK_CAPTURE_AUTORELEASING = YES;
				CLANG_WARN_BOOL_CONVERSION = YES;
				CLANG_WARN_COMMA = YES;
				CLANG_WARN_CONSTANT_CONVERSION = YES;
				CLANG_WARN_DEPRECATED_OBJC_IMPLEMENTATIONS = YES;
				CLANG_WARN_DIRECT_OBJC_ISA_USAGE = YES_ERROR;
				CLANG_WARN_DOCUMENTATION_COMMENTS = YES;
				CLANG_WARN_EMPTY_BODY = YES;
				CLANG_WARN_ENUM_CONVERSION = YES;
				CLANG_WARN_INFINITE_RECURSION = YES;
				CLANG_WARN_INT_CONVERSION = YES;
				CLANG_WARN_NON_LITERAL_NULL_CONVERSION = YES;
				CLANG_WARN_OBJC_IMPLICIT_RETAIN_SELF = YES;
				CLANG_WARN_OBJC_LITERAL_CONVERSION = YES;
				CLANG_WARN_OBJC_ROOT_CLASS = YES_ERROR;
				CLANG_WARN_RANGE_LOOP_ANALYSIS = YES;
				CLANG_WARN_STRICT_PROTOTYPES = YES;
				CLANG_WARN_SUSPICIOUS_MOVE = YES;
				CLANG_WARN_UNGUARDED_AVAILABILITY = YES_AGGRESSIVE;
				CLANG_WARN_UNREACHABLE_CODE = YES;
				CLANG_WARN__DUPLICATE_METHOD_MATCH = YES;
				CODE_SIGN_IDENTITY = "iPhone Developer";
				COPY_PHASE_STRIP = NO;
				DEBUG_INFORMATION_FORMAT = "dwarf-with-dsym";
				ENABLE_NS_ASSERTIONS = NO;
				ENABLE_STRICT_OBJC_MSGSEND = YES;
				GCC_C_LANGUAGE_STANDARD = gnu11;
				GCC_NO_COMMON_BLOCKS = YES;
				GCC_WARN_64_TO_32_BIT_CONVERSION = YES;
				GCC_WARN_ABOUT_RETURN_TYPE = YES_ERROR;
				GCC_WARN_UNDECLARED_SELECTOR = YES;
				GCC_WARN_UNINITIALIZED_AUTOS = YES_AGGRESSIVE;
				GCC_WARN_UNUSED_FUNCTION = YES;
				GCC_WARN_UNUSED_VARIABLE = YES;
				IPHONEOS_DEPLOYMENT_TARGET = 11.4;
				MTL_ENABLE_DEBUG_INFO = NO;
				SDKROOT = iphoneos;
				SWIFT_COMPILATION_MODE = wholemodule;
				SWIFT_OPTIMIZATION_LEVEL = "-O";
				VALIDATE_PRODUCT = YES;
			};
			name = Prod;
		};
		620F53E2211EF28A00A94A01 /* Prod */ = {
			isa = XCBuildConfiguration;
			baseConfigurationReference = DD9A080CFCF0F16A7A10ED7D /* Pods-Orbit.prod.xcconfig */;
			buildSettings = {
				APP_ICON_NAME = AppIcon;
				ASSETCATALOG_COMPILER_APPICON_NAME = AppIcon_dev;
				CODE_SIGN_STYLE = Automatic;
				DEVELOPMENT_TEAM = X46PH8MSE8;
				Deployment = prod;
				INFOPLIST_FILE = Orbit/Info.plist;
				IPHONEOS_DEPLOYMENT_TARGET = 11.0;
				LD_RUNPATH_SEARCH_PATHS = (
					"$(inherited)",
					"@executable_path/Frameworks",
				);
				PRODUCT_BUNDLE_IDENTIFIER = io.orbit.orbit.prod;
				PRODUCT_NAME = "$(TARGET_NAME)";
				SWIFT_VERSION = 4.0;
				TARGETED_DEVICE_FAMILY = 1;
			};
			name = Prod;
		};
		620F53E3211EF28A00A94A01 /* Prod */ = {
			isa = XCBuildConfiguration;
			baseConfigurationReference = 688EAB7E305E75A5D496F632 /* Pods-OrbitTests.prod.xcconfig */;
			buildSettings = {
				ALWAYS_EMBED_SWIFT_STANDARD_LIBRARIES = YES;
				BUNDLE_LOADER = "$(TEST_HOST)";
				CODE_SIGN_STYLE = Automatic;
				DEVELOPMENT_TEAM = X46PH8MSE8;
				INFOPLIST_FILE = OrbitTests/Info.plist;
				LD_RUNPATH_SEARCH_PATHS = (
					"$(inherited)",
					"@executable_path/Frameworks",
					"@loader_path/Frameworks",
				);
				PRODUCT_BUNDLE_IDENTIFIER = io.orbit.orbit.OrbitTests;
				PRODUCT_NAME = "$(TARGET_NAME)";
				SWIFT_VERSION = 4.0;
				TARGETED_DEVICE_FAMILY = "1,2";
				TEST_HOST = "$(BUILT_PRODUCTS_DIR)/Orbit.app/Orbit";
			};
			name = Prod;
		};
		620F53E4211EF28A00A94A01 /* Prod */ = {
			isa = XCBuildConfiguration;
			baseConfigurationReference = 4F3C0D0C32A7CDA5F16445B0 /* Pods-OrbitUITests.prod.xcconfig */;
			buildSettings = {
				ALWAYS_EMBED_SWIFT_STANDARD_LIBRARIES = YES;
				CODE_SIGN_STYLE = Automatic;
				DEVELOPMENT_TEAM = X46PH8MSE8;
				INFOPLIST_FILE = OrbitUITests/Info.plist;
				LD_RUNPATH_SEARCH_PATHS = (
					"$(inherited)",
					"@executable_path/Frameworks",
					"@loader_path/Frameworks",
				);
				PRODUCT_BUNDLE_IDENTIFIER = io.orbit.orbit.OrbitUITests;
				PRODUCT_NAME = "$(TARGET_NAME)";
				SWIFT_VERSION = 4.0;
				TARGETED_DEVICE_FAMILY = "1,2";
				TEST_TARGET_NAME = Orbit;
			};
			name = Prod;
		};
/* End XCBuildConfiguration section */

/* Begin XCConfigurationList section */
		620F53A7211EF16900A94A01 /* Build configuration list for PBXProject "Orbit" */ = {
			isa = XCConfigurationList;
			buildConfigurations = (
				620F53DD211EF28200A94A01 /* Dev */,
				620F53E1211EF28A00A94A01 /* Prod */,
			);
			defaultConfigurationIsVisible = 0;
			defaultConfigurationName = Dev;
		};
		620F53D4211EF16A00A94A01 /* Build configuration list for PBXNativeTarget "Orbit" */ = {
			isa = XCConfigurationList;
			buildConfigurations = (
				620F53DE211EF28200A94A01 /* Dev */,
				620F53E2211EF28A00A94A01 /* Prod */,
			);
			defaultConfigurationIsVisible = 0;
			defaultConfigurationName = Dev;
		};
		620F53D7211EF16A00A94A01 /* Build configuration list for PBXNativeTarget "OrbitTests" */ = {
			isa = XCConfigurationList;
			buildConfigurations = (
				620F53DF211EF28200A94A01 /* Dev */,
				620F53E3211EF28A00A94A01 /* Prod */,
			);
			defaultConfigurationIsVisible = 0;
			defaultConfigurationName = Dev;
		};
		620F53DA211EF16A00A94A01 /* Build configuration list for PBXNativeTarget "OrbitUITests" */ = {
			isa = XCConfigurationList;
			buildConfigurations = (
				620F53E0211EF28200A94A01 /* Dev */,
				620F53E4211EF28A00A94A01 /* Prod */,
			);
			defaultConfigurationIsVisible = 0;
			defaultConfigurationName = Dev;
		};
/* End XCConfigurationList section */
	};
	rootObject = 620F53A4211EF16900A94A01 /* Project object */;
}
